// !$*UTF8*$!
{
	archiveVersion = 1;
	classes = {
	};
	objectVersion = 50;
	objects = {

/* Begin PBXBuildFile section */
		674988F2F7FE9253F515989A /* Pods_WareHousing.framework in Frameworks */ = {isa = PBXBuildFile; fileRef = FB8F326601FF8CA362168CEC /* Pods_WareHousing.framework */; };
		A722BC0D20CFD30E0051F98E /* HouseholdItem.swift in Sources */ = {isa = PBXBuildFile; fileRef = A722BC0C20CFD30E0051F98E /* HouseholdItem.swift */; };
		A722BC0F20CFD6940051F98E /* Store.swift in Sources */ = {isa = PBXBuildFile; fileRef = A722BC0E20CFD6940051F98E /* Store.swift */; };
		A72A4CE3209968EA004E6AEB /* Default-568h@2x.png in Resources */ = {isa = PBXBuildFile; fileRef = A72A4CE2209968EA004E6AEB /* Default-568h@2x.png */; };
		A72BB66C2099768900694C18 /* DataModel.xcdatamodeld in Sources */ = {isa = PBXBuildFile; fileRef = A72BB66A2099768900694C18 /* DataModel.xcdatamodeld */; };
		A75FC9BE20CF7137000210F3 /* PackagedItem.swift in Sources */ = {isa = PBXBuildFile; fileRef = A75FC9BD20CF7137000210F3 /* PackagedItem.swift */; };
		A7C39CC1209034A800E54531 /* AppDelegate.swift in Sources */ = {isa = PBXBuildFile; fileRef = A7C39CC0209034A800E54531 /* AppDelegate.swift */; };
		A7C39CC3209034A800E54531 /* WarehouseItemViewController.swift in Sources */ = {isa = PBXBuildFile; fileRef = A7C39CC2209034A800E54531 /* WarehouseItemViewController.swift */; };
		A7C39CC6209034A800E54531 /* Main.storyboard in Resources */ = {isa = PBXBuildFile; fileRef = A7C39CC4209034A800E54531 /* Main.storyboard */; };
		A7C39CCB209034A900E54531 /* Assets.xcassets in Resources */ = {isa = PBXBuildFile; fileRef = A7C39CCA209034A900E54531 /* Assets.xcassets */; };
		A7C39CCE209034A900E54531 /* LaunchScreen.storyboard in Resources */ = {isa = PBXBuildFile; fileRef = A7C39CCC209034A900E54531 /* LaunchScreen.storyboard */; };
/* End PBXBuildFile section */

/* Begin PBXFileReference section */
		1D7E6B53D7DC28F641012460 /* Pods-WareHousing.release.xcconfig */ = {isa = PBXFileReference; includeInIndex = 1; lastKnownFileType = text.xcconfig; name = "Pods-WareHousing.release.xcconfig"; path = "Pods/Target Support Files/Pods-WareHousing/Pods-WareHousing.release.xcconfig"; sourceTree = "<group>"; };
		676DBD08A12385D896081298 /* Pods-WareHousing.debug.xcconfig */ = {isa = PBXFileReference; includeInIndex = 1; lastKnownFileType = text.xcconfig; name = "Pods-WareHousing.debug.xcconfig"; path = "Pods/Target Support Files/Pods-WareHousing/Pods-WareHousing.debug.xcconfig"; sourceTree = "<group>"; };
		A722BC0C20CFD30E0051F98E /* HouseholdItem.swift */ = {isa = PBXFileReference; lastKnownFileType = sourcecode.swift; path = HouseholdItem.swift; sourceTree = "<group>"; };
		A722BC0E20CFD6940051F98E /* Store.swift */ = {isa = PBXFileReference; lastKnownFileType = sourcecode.swift; path = Store.swift; sourceTree = "<group>"; };
		A72A4CE2209968EA004E6AEB /* Default-568h@2x.png */ = {isa = PBXFileReference; lastKnownFileType = image.png; path = "Default-568h@2x.png"; sourceTree = "<group>"; };
		A72BB66B2099768900694C18 /* Item.xcdatamodel */ = {isa = PBXFileReference; lastKnownFileType = wrapper.xcdatamodel; path = Item.xcdatamodel; sourceTree = "<group>"; };
		A75FC9BD20CF7137000210F3 /* PackagedItem.swift */ = {isa = PBXFileReference; lastKnownFileType = sourcecode.swift; path = PackagedItem.swift; sourceTree = "<group>"; };
		A7C39CBD209034A800E54531 /* WareHousing.app */ = {isa = PBXFileReference; explicitFileType = wrapper.application; includeInIndex = 0; path = WareHousing.app; sourceTree = BUILT_PRODUCTS_DIR; };
		A7C39CC0209034A800E54531 /* AppDelegate.swift */ = {isa = PBXFileReference; lastKnownFileType = sourcecode.swift; path = AppDelegate.swift; sourceTree = "<group>"; };
		A7C39CC2209034A800E54531 /* WarehouseItemViewController.swift */ = {isa = PBXFileReference; lastKnownFileType = sourcecode.swift; path = WarehouseItemViewController.swift; sourceTree = "<group>"; };
		A7C39CC5209034A800E54531 /* Base */ = {isa = PBXFileReference; lastKnownFileType = file.storyboard; name = Base; path = Base.lproj/Main.storyboard; sourceTree = "<group>"; };
		A7C39CCA209034A900E54531 /* Assets.xcassets */ = {isa = PBXFileReference; lastKnownFileType = folder.assetcatalog; path = Assets.xcassets; sourceTree = "<group>"; };
		A7C39CCD209034A900E54531 /* Base */ = {isa = PBXFileReference; lastKnownFileType = file.storyboard; name = Base; path = Base.lproj/LaunchScreen.storyboard; sourceTree = "<group>"; };
		A7C39CCF209034A900E54531 /* Info.plist */ = {isa = PBXFileReference; lastKnownFileType = text.plist.xml; path = Info.plist; sourceTree = "<group>"; };
		FB8F326601FF8CA362168CEC /* Pods_WareHousing.framework */ = {isa = PBXFileReference; explicitFileType = wrapper.framework; includeInIndex = 0; path = Pods_WareHousing.framework; sourceTree = BUILT_PRODUCTS_DIR; };
/* End PBXFileReference section */

/* Begin PBXFrameworksBuildPhase section */
		A7C39CBA209034A800E54531 /* Frameworks */ = {
			isa = PBXFrameworksBuildPhase;
			buildActionMask = 2147483647;
			files = (
				674988F2F7FE9253F515989A /* Pods_WareHousing.framework in Frameworks */,
			);
			runOnlyForDeploymentPostprocessing = 0;
		};
/* End PBXFrameworksBuildPhase section */

/* Begin PBXGroup section */
		2C4508B9E45AF5CCFE184E99 /* Frameworks */ = {
			isa = PBXGroup;
			children = (
				FB8F326601FF8CA362168CEC /* Pods_WareHousing.framework */,
			);
			name = Frameworks;
			sourceTree = "<group>";
		};
		6B0A01A0972367B8D0B39443 /* Pods */ = {
			isa = PBXGroup;
			children = (
				676DBD08A12385D896081298 /* Pods-WareHousing.debug.xcconfig */,
				1D7E6B53D7DC28F641012460 /* Pods-WareHousing.release.xcconfig */,
			);
			name = Pods;
			sourceTree = "<group>";
		};
		A72A4CDC20995D42004E6AEB /* Model */ = {
			isa = PBXGroup;
			children = (
				A72BB66A2099768900694C18 /* DataModel.xcdatamodeld */,
				A75FC9BD20CF7137000210F3 /* PackagedItem.swift */,
				A722BC0E20CFD6940051F98E /* Store.swift */,
				A722BC0C20CFD30E0051F98E /* HouseholdItem.swift */,
			);
			path = Model;
			sourceTree = "<group>";
		};
		A72A4CDD20995D69004E6AEB /* View */ = {
			isa = PBXGroup;
			children = (
				A7C39CCC209034A900E54531 /* LaunchScreen.storyboard */,
				A7C39CC4209034A800E54531 /* Main.storyboard */,
			);
			path = View;
			sourceTree = "<group>";
		};
		A72A4CDE20995D72004E6AEB /* Controller */ = {
			isa = PBXGroup;
			children = (
				A7C39CC2209034A800E54531 /* WarehouseItemViewController.swift */,
				A7C39CC0209034A800E54531 /* AppDelegate.swift */,
			);
			path = Controller;
			sourceTree = "<group>";
		};
		A72A4CE12099659F004E6AEB /* Supporting Files */ = {
			isa = PBXGroup;
			children = (
				A7C39CCF209034A900E54531 /* Info.plist */,
				A7C39CCA209034A900E54531 /* Assets.xcassets */,
			);
			path = "Supporting Files";
			sourceTree = "<group>";
		};
		A7C39CB4209034A800E54531 = {
			isa = PBXGroup;
			children = (
				A72A4CE2209968EA004E6AEB /* Default-568h@2x.png */,
				A7C39CBF209034A800E54531 /* WareHousing */,
				A7C39CBE209034A800E54531 /* Products */,
				6B0A01A0972367B8D0B39443 /* Pods */,
				2C4508B9E45AF5CCFE184E99 /* Frameworks */,
			);
			sourceTree = "<group>";
		};
		A7C39CBE209034A800E54531 /* Products */ = {
			isa = PBXGroup;
			children = (
				A7C39CBD209034A800E54531 /* WareHousing.app */,
			);
			name = Products;
			sourceTree = "<group>";
		};
		A7C39CBF209034A800E54531 /* WareHousing */ = {
			isa = PBXGroup;
			children = (
				A72A4CDE20995D72004E6AEB /* Controller */,
				A72A4CDD20995D69004E6AEB /* View */,
				A72A4CDC20995D42004E6AEB /* Model */,
				A72A4CE12099659F004E6AEB /* Supporting Files */,
			);
			path = WareHousing;
			sourceTree = "<group>";
		};
/* End PBXGroup section */

/* Begin PBXNativeTarget section */
		A7C39CBC209034A800E54531 /* WareHousing */ = {
			isa = PBXNativeTarget;
			buildConfigurationList = A7C39CD2209034A900E54531 /* Build configuration list for PBXNativeTarget "WareHousing" */;
			buildPhases = (
				D03EE59A91B97AF06DD5662A /* [CP] Check Pods Manifest.lock */,
				A7C39CB9209034A800E54531 /* Sources */,
				A7C39CBA209034A800E54531 /* Frameworks */,
				A7C39CBB209034A800E54531 /* Resources */,
				BFA1B1D13C6EDA8958C22CA2 /* [CP] Embed Pods Frameworks */,
			);
			buildRules = (
			);
			dependencies = (
			);
			name = WareHousing;
			productName = WareHousing;
			productReference = A7C39CBD209034A800E54531 /* WareHousing.app */;
			productType = "com.apple.product-type.application";
		};
/* End PBXNativeTarget section */

/* Begin PBXProject section */
		A7C39CB5209034A800E54531 /* Project object */ = {
			isa = PBXProject;
			attributes = {
				LastSwiftUpdateCheck = 0930;
				LastUpgradeCheck = 0930;
				ORGANIZATIONNAME = "Clive Hsieh";
				TargetAttributes = {
					A7C39CBC209034A800E54531 = {
						CreatedOnToolsVersion = 9.3;
					};
				};
			};
			buildConfigurationList = A7C39CB8209034A800E54531 /* Build configuration list for PBXProject "WareHousing" */;
			compatibilityVersion = "Xcode 9.3";
			developmentRegion = en;
			hasScannedForEncodings = 0;
			knownRegions = (
				en,
				Base,
			);
			mainGroup = A7C39CB4209034A800E54531;
			productRefGroup = A7C39CBE209034A800E54531 /* Products */;
			projectDirPath = "";
			projectRoot = "";
			targets = (
				A7C39CBC209034A800E54531 /* WareHousing */,
			);
		};
/* End PBXProject section */

/* Begin PBXResourcesBuildPhase section */
		A7C39CBB209034A800E54531 /* Resources */ = {
			isa = PBXResourcesBuildPhase;
			buildActionMask = 2147483647;
			files = (
				A7C39CCE209034A900E54531 /* LaunchScreen.storyboard in Resources */,
				A72A4CE3209968EA004E6AEB /* Default-568h@2x.png in Resources */,
				A7C39CCB209034A900E54531 /* Assets.xcassets in Resources */,
				A7C39CC6209034A800E54531 /* Main.storyboard in Resources */,
			);
			runOnlyForDeploymentPostprocessing = 0;
		};
/* End PBXResourcesBuildPhase section */

/* Begin PBXShellScriptBuildPhase section */
		BFA1B1D13C6EDA8958C22CA2 /* [CP] Embed Pods Frameworks */ = {
			isa = PBXShellScriptBuildPhase;
			buildActionMask = 2147483647;
			files = (
			);
			inputPaths = (
				"${SRCROOT}/Pods/Target Support Files/Pods-WareHousing/Pods-WareHousing-frameworks.sh",
				"${BUILT_PRODUCTS_DIR}/Realm/Realm.framework",
				"${BUILT_PRODUCTS_DIR}/RealmSwift/RealmSwift.framework",
				"${BUILT_PRODUCTS_DIR}/XLPagerTabStrip/XLPagerTabStrip.framework",
			);
			name = "[CP] Embed Pods Frameworks";
			outputPaths = (
				"${TARGET_BUILD_DIR}/${FRAMEWORKS_FOLDER_PATH}/Realm.framework",
				"${TARGET_BUILD_DIR}/${FRAMEWORKS_FOLDER_PATH}/RealmSwift.framework",
				"${TARGET_BUILD_DIR}/${FRAMEWORKS_FOLDER_PATH}/XLPagerTabStrip.framework",
			);
			runOnlyForDeploymentPostprocessing = 0;
			shellPath = /bin/sh;
			shellScript = "\"${SRCROOT}/Pods/Target Support Files/Pods-WareHousing/Pods-WareHousing-frameworks.sh\"\n";
			showEnvVarsInLog = 0;
		};
		D03EE59A91B97AF06DD5662A /* [CP] Check Pods Manifest.lock */ = {
			isa = PBXShellScriptBuildPhase;
			buildActionMask = 2147483647;
			files = (
			);
			inputPaths = (
				"${PODS_PODFILE_DIR_PATH}/Podfile.lock",
				"${PODS_ROOT}/Manifest.lock",
			);
			name = "[CP] Check Pods Manifest.lock";
			outputPaths = (
				"$(DERIVED_FILE_DIR)/Pods-WareHousing-checkManifestLockResult.txt",
			);
			runOnlyForDeploymentPostprocessing = 0;
			shellPath = /bin/sh;
			shellScript = "diff \"${PODS_PODFILE_DIR_PATH}/Podfile.lock\" \"${PODS_ROOT}/Manifest.lock\" > /dev/null\nif [ $? != 0 ] ; then\n    # print error to STDERR\n    echo \"error: The sandbox is not in sync with the Podfile.lock. Run 'pod install' or update your CocoaPods installation.\" >&2\n    exit 1\nfi\n# This output is used by Xcode 'outputs' to avoid re-running this script phase.\necho \"SUCCESS\" > \"${SCRIPT_OUTPUT_FILE_0}\"\n";
			showEnvVarsInLog = 0;
		};
/* End PBXShellScriptBuildPhase section */

/* Begin PBXSourcesBuildPhase section */
		A7C39CB9209034A800E54531 /* Sources */ = {
			isa = PBXSourcesBuildPhase;
			buildActionMask = 2147483647;
			files = (
				A7C39CC3209034A800E54531 /* WarehouseItemViewController.swift in Sources */,
				A72BB66C2099768900694C18 /* DataModel.xcdatamodeld in Sources */,
				A75FC9BE20CF7137000210F3 /* PackagedItem.swift in Sources */,
				A722BC0F20CFD6940051F98E /* Store.swift in Sources */,
				A7C39CC1209034A800E54531 /* AppDelegate.swift in Sources */,
				A722BC0D20CFD30E0051F98E /* HouseholdItem.swift in Sources */,
			);
			runOnlyForDeploymentPostprocessing = 0;
		};
/* End PBXSourcesBuildPhase section */

/* Begin PBXVariantGroup section */
		A7C39CC4209034A800E54531 /* Main.storyboard */ = {
			isa = PBXVariantGroup;
			children = (
				A7C39CC5209034A800E54531 /* Base */,
			);
			name = Main.storyboard;
			sourceTree = "<group>";
		};
		A7C39CCC209034A900E54531 /* LaunchScreen.storyboard */ = {
			isa = PBXVariantGroup;
			children = (
				A7C39CCD209034A900E54531 /* Base */,
			);
			name = LaunchScreen.storyboard;
			sourceTree = "<group>";
		};
/* End PBXVariantGroup section */

/* Begin XCBuildConfiguration section */
		A7C39CD0209034A900E54531 /* Debug */ = {
			isa = XCBuildConfiguration;
			buildSettings = {
				ALWAYS_SEARCH_USER_PATHS = NO;
				CLANG_ANALYZER_NONNULL = YES;
				CLANG_ANALYZER_NUMBER_OBJECT_CONVERSION = YES_AGGRESSIVE;
				CLANG_CXX_LANGUAGE_STANDARD = "gnu++14";
				CLANG_CXX_LIBRARY = "libc++";
				CLANG_ENABLE_MODULES = YES;
				CLANG_ENABLE_OBJC_ARC = YES;
				CLANG_ENABLE_OBJC_WEAK = YES;
				CLANG_WARN_BLOCK_CAPTURE_AUTORELEASING = YES;
				CLANG_WARN_BOOL_CONVERSION = YES;
				CLANG_WARN_COMMA = YES;
				CLANG_WARN_CONSTANT_CONVERSION = YES;
				CLANG_WARN_DEPRECATED_OBJC_IMPLEMENTATIONS = YES;
				CLANG_WARN_DIRECT_OBJC_ISA_USAGE = YES_ERROR;
				CLANG_WARN_DOCUMENTATION_COMMENTS = YES;
				CLANG_WARN_EMPTY_BODY = YES;
				CLANG_WARN_ENUM_CONVERSION = YES;
				CLANG_WARN_INFINITE_RECURSION = YES;
				CLANG_WARN_INT_CONVERSION = YES;
				CLANG_WARN_NON_LITERAL_NULL_CONVERSION = YES;
				CLANG_WARN_OBJC_IMPLICIT_RETAIN_SELF = YES;
				CLANG_WARN_OBJC_LITERAL_CONVERSION = YES;
				CLANG_WARN_OBJC_ROOT_CLASS = YES_ERROR;
				CLANG_WARN_RANGE_LOOP_ANALYSIS = YES;
				CLANG_WARN_STRICT_PROTOTYPES = YES;
				CLANG_WARN_SUSPICIOUS_MOVE = YES;
				CLANG_WARN_UNGUARDED_AVAILABILITY = YES_AGGRESSIVE;
				CLANG_WARN_UNREACHABLE_CODE = YES;
				CLANG_WARN__DUPLICATE_METHOD_MATCH = YES;
				CODE_SIGN_IDENTITY = "iPhone Developer";
				COPY_PHASE_STRIP = NO;
				DEBUG_INFORMATION_FORMAT = dwarf;
				ENABLE_STRICT_OBJC_MSGSEND = YES;
				ENABLE_TESTABILITY = YES;
				GCC_C_LANGUAGE_STANDARD = gnu11;
				GCC_DYNAMIC_NO_PIC = NO;
				GCC_NO_COMMON_BLOCKS = YES;
				GCC_OPTIMIZATION_LEVEL = 0;
				GCC_PREPROCESSOR_DEFINITIONS = (
					"DEBUG=1",
					"$(inherited)",
				);
				GCC_WARN_64_TO_32_BIT_CONVERSION = YES;
				GCC_WARN_ABOUT_RETURN_TYPE = YES_ERROR;
				GCC_WARN_UNDECLARED_SELECTOR = YES;
				GCC_WARN_UNINITIALIZED_AUTOS = YES_AGGRESSIVE;
				GCC_WARN_UNUSED_FUNCTION = YES;
				GCC_WARN_UNUSED_VARIABLE = YES;
				IPHONEOS_DEPLOYMENT_TARGET = 11.3;
				MTL_ENABLE_DEBUG_INFO = YES;
				ONLY_ACTIVE_ARCH = YES;
				SDKROOT = iphoneos;
				SWIFT_ACTIVE_COMPILATION_CONDITIONS = DEBUG;
				SWIFT_OPTIMIZATION_LEVEL = "-Onone";
			};
			name = Debug;
		};
		A7C39CD1209034A900E54531 /* Release */ = {
			isa = XCBuildConfiguration;
			buildSettings = {
				ALWAYS_SEARCH_USER_PATHS = NO;
				CLANG_ANALYZER_NONNULL = YES;
				CLANG_ANALYZER_NUMBER_OBJECT_CONVERSION = YES_AGGRESSIVE;
				CLANG_CXX_LANGUAGE_STANDARD = "gnu++14";
				CLANG_CXX_LIBRARY = "libc++";
				CLANG_ENABLE_MODULES = YES;
				CLANG_ENABLE_OBJC_ARC = YES;
				CLANG_ENABLE_OBJC_WEAK = YES;
				CLANG_WARN_BLOCK_CAPTURE_AUTORELEASING = YES;
				CLANG_WARN_BOOL_CONVERSION = YES;
				CLANG_WARN_COMMA = YES;
				CLANG_WARN_CONSTANT_CONVERSION = YES;
				CLANG_WARN_DEPRECATED_OBJC_IMPLEMENTATIONS = YES;
				CLANG_WARN_DIRECT_OBJC_ISA_USAGE = YES_ERROR;
				CLANG_WARN_DOCUMENTATION_COMMENTS = YES;
				CLANG_WARN_EMPTY_BODY = YES;
				CLANG_WARN_ENUM_CONVERSION = YES;
				CLANG_WARN_INFINITE_RECURSION = YES;
				CLANG_WARN_INT_CONVERSION = YES;
				CLANG_WARN_NON_LITERAL_NULL_CONVERSION = YES;
				CLANG_WARN_OBJC_IMPLICIT_RETAIN_SELF = YES;
				CLANG_WARN_OBJC_LITERAL_CONVERSION = YES;
				CLANG_WARN_OBJC_ROOT_CLASS = YES_ERROR;
				CLANG_WARN_RANGE_LOOP_ANALYSIS = YES;
				CLANG_WARN_STRICT_PROTOTYPES = YES;
				CLANG_WARN_SUSPICIOUS_MOVE = YES;
				CLANG_WARN_UNGUARDED_AVAILABILITY = YES_AGGRESSIVE;
				CLANG_WARN_UNREACHABLE_CODE = YES;
				CLANG_WARN__DUPLICATE_METHOD_MATCH = YES;
				CODE_SIGN_IDENTITY = "iPhone Developer";
				COPY_PHASE_STRIP = NO;
				DEBUG_INFORMATION_FORMAT = "dwarf-with-dsym";
				ENABLE_NS_ASSERTIONS = NO;
				ENABLE_STRICT_OBJC_MSGSEND = YES;
				GCC_C_LANGUAGE_STANDARD = gnu11;
				GCC_NO_COMMON_BLOCKS = YES;
				GCC_WARN_64_TO_32_BIT_CONVERSION = YES;
				GCC_WARN_ABOUT_RETURN_TYPE = YES_ERROR;
				GCC_WARN_UNDECLARED_SELECTOR = YES;
				GCC_WARN_UNINITIALIZED_AUTOS = YES_AGGRESSIVE;
				GCC_WARN_UNUSED_FUNCTION = YES;
				GCC_WARN_UNUSED_VARIABLE = YES;
				IPHONEOS_DEPLOYMENT_TARGET = 11.3;
				MTL_ENABLE_DEBUG_INFO = NO;
				SDKROOT = iphoneos;
				SWIFT_COMPILATION_MODE = wholemodule;
				SWIFT_OPTIMIZATION_LEVEL = "-O";
				VALIDATE_PRODUCT = YES;
			};
			name = Release;
		};
		A7C39CD3209034A900E54531 /* Debug */ = {
			isa = XCBuildConfiguration;
			baseConfigurationReference = 676DBD08A12385D896081298 /* Pods-WareHousing.debug.xcconfig */;
			buildSettings = {
				ASSETCATALOG_COMPILER_APPICON_NAME = AppIcon;
				CODE_SIGN_STYLE = Automatic;
				DEVELOPMENT_TEAM = Q4VM62W4KJ;
				INFOPLIST_FILE = "$(SRCROOT)/WareHousing/Supporting Files/Info.plist";
				LD_RUNPATH_SEARCH_PATHS = (
					"$(inherited)",
					"@executable_path/Frameworks",
				);
				PRODUCT_BUNDLE_IDENTIFIER = com.eliteconsulting.WareHousing;
				PRODUCT_NAME = "$(TARGET_NAME)";
				SWIFT_VERSION = 4.0;
				TARGETED_DEVICE_FAMILY = "1,2";
			};
			name = Debug;
		};
		A7C39CD4209034A900E54531 /* Release */ = {
			isa = XCBuildConfiguration;
			baseConfigurationReference = 1D7E6B53D7DC28F641012460 /* Pods-WareHousing.release.xcconfig */;
			buildSettings = {
				ASSETCATALOG_COMPILER_APPICON_NAME = AppIcon;
				CODE_SIGN_STYLE = Automatic;
				DEVELOPMENT_TEAM = Q4VM62W4KJ;
				INFOPLIST_FILE = "$(SRCROOT)/WareHousing/Supporting Files/Info.plist";
				LD_RUNPATH_SEARCH_PATHS = (
					"$(inherited)",
					"@executable_path/Frameworks",
				);
				PRODUCT_BUNDLE_IDENTIFIER = com.eliteconsulting.WareHousing;
				PRODUCT_NAME = "$(TARGET_NAME)";
				SWIFT_VERSION = 4.0;
				TARGETED_DEVICE_FAMILY = "1,2";
			};
			name = Release;
		};
/* End XCBuildConfiguration section */

/* Begin XCConfigurationList section */
		A7C39CB8209034A800E54531 /* Build configuration list for PBXProject "WareHousing" */ = {
			isa = XCConfigurationList;
			buildConfigurations = (
				A7C39CD0209034A900E54531 /* Debug */,
				A7C39CD1209034A900E54531 /* Release */,
			);
			defaultConfigurationIsVisible = 0;
			defaultConfigurationName = Release;
		};
		A7C39CD2209034A900E54531 /* Build configuration list for PBXNativeTarget "WareHousing" */ = {
			isa = XCConfigurationList;
			buildConfigurations = (
				A7C39CD3209034A900E54531 /* Debug */,
				A7C39CD4209034A900E54531 /* Release */,
			);
			defaultConfigurationIsVisible = 0;
			defaultConfigurationName = Release;
		};
/* End XCConfigurationList section */

/* Begin XCVersionGroup section */
		A72BB66A2099768900694C18 /* DataModel.xcdatamodeld */ = {
			isa = XCVersionGroup;
			children = (
				A72BB66B2099768900694C18 /* Item.xcdatamodel */,
			);
			currentVersion = A72BB66B2099768900694C18 /* Item.xcdatamodel */;
			path = DataModel.xcdatamodeld;
			sourceTree = "<group>";
			versionGroupType = wrapper.xcdatamodel;
		};
/* End XCVersionGroup section */
	};
	rootObject = A7C39CB5209034A800E54531 /* Project object */;
}
