// !$*UTF8*$!
{
	archiveVersion = 1;
	classes = {
	};
	objectVersion = 50;
	objects = {

/* Begin PBXBuildFile section */
		A72A4CE3209968EA004E6AEB /* Default-568h@2x.png in Resources */ = {isa = PBXBuildFile; fileRef = A72A4CE2209968EA004E6AEB /* Default-568h@2x.png */; };
		A72BB66C2099768900694C18 /* DataModel.xcdatamodeld in Sources */ = {isa = PBXBuildFile; fileRef = A72BB66A2099768900694C18 /* DataModel.xcdatamodeld */; };
		A7C39CC1209034A800E54531 /* AppDelegate.swift in Sources */ = {isa = PBXBuildFile; fileRef = A7C39CC0209034A800E54531 /* AppDelegate.swift */; };
		A7C39CC3209034A800E54531 /* WarehouseItemViewController.swift in Sources */ = {isa = PBXBuildFile; fileRef = A7C39CC2209034A800E54531 /* WarehouseItemViewController.swift */; };
		A7C39CC6209034A800E54531 /* Main.storyboard in Resources */ = {isa = PBXBuildFile; fileRef = A7C39CC4209034A800E54531 /* Main.storyboard */; };
		A7C39CCB209034A900E54531 /* Assets.xcassets in Resources */ = {isa = PBXBuildFile; fileRef = A7C39CCA209034A900E54531 /* Assets.xcassets */; };
		A7C39CCE209034A900E54531 /* LaunchScreen.storyboard in Resources */ = {isa = PBXBuildFile; fileRef = A7C39CCC209034A900E54531 /* LaunchScreen.storyboard */; };
/* End PBXBuildFile section */

/* Begin PBXFileReference section */
		A72A4CE2209968EA004E6AEB /* Default-568h@2x.png */ = {isa = PBXFileReference; lastKnownFileType = image.png; path = "Default-568h@2x.png"; sourceTree = "<group>"; };
		A72BB66B2099768900694C18 /* Item.xcdatamodel */ = {isa = PBXFileReference; lastKnownFileType = wrapper.xcdatamodel; path = Item.xcdatamodel; sourceTree = "<group>"; };
		A7C39CBD209034A800E54531 /* WareHousing.app */ = {isa = PBXFileReference; explicitFileType = wrapper.application; includeInIndex = 0; path = WareHousing.app; sourceTree = BUILT_PRODUCTS_DIR; };
		A7C39CC0209034A800E54531 /* AppDelegate.swift */ = {isa = PBXFileReference; lastKnownFileType = sourcecode.swift; path = AppDelegate.swift; sourceTree = "<group>"; };
		A7C39CC2209034A800E54531 /* WarehouseItemViewController.swift */ = {isa = PBXFileReference; lastKnownFileType = sourcecode.swift; path = WarehouseItemViewController.swift; sourceTree = "<group>"; };
		A7C39CC5209034A800E54531 /* Base */ = {isa = PBXFileReference; lastKnownFileType = file.storyboard; name = Base; path = Base.lproj/Main.storyboard; sourceTree = "<group>"; };
		A7C39CCA209034A900E54531 /* Assets.xcassets */ = {isa = PBXFileReference; lastKnownFileType = folder.assetcatalog; path = Assets.xcassets; sourceTree = "<group>"; };
		A7C39CCD209034A900E54531 /* Base */ = {isa = PBXFileReference; lastKnownFileType = file.storyboard; name = Base; path = Base.lproj/LaunchScreen.storyboard; sourceTree = "<group>"; };
		A7C39CCF209034A900E54531 /* Info.plist */ = {isa = PBXFileReference; lastKnownFileType = text.plist.xml; path = Info.plist; sourceTree = "<group>"; };
/* End PBXFileReference section */

/* Begin PBXFrameworksBuildPhase section */
		A7C39CBA209034A800E54531 /* Frameworks */ = {
			isa = PBXFrameworksBuildPhase;
			buildActionMask = 2147483647;
			files = (
			);
			runOnlyForDeploymentPostprocessing = 0;
		};
/* End PBXFrameworksBuildPhase section */

/* Begin PBXGroup section */
		A72A4CDC20995D42004E6AEB /* Model */ = {
			isa = PBXGroup;
			children = (
				A72BB66A2099768900694C18 /* DataModel.xcdatamodeld */,
			);
			path = Model;
			sourceTree = "<group>";
		};
		A72A4CDD20995D69004E6AEB /* View */ = {
			isa = PBXGroup;
			children = (
				A7C39CCC209034A900E54531 /* LaunchScreen.storyboard */,
				A7C39CC4209034A800E54531 /* Main.storyboard */,
			);
			path = View;
			sourceTree = "<group>";
		};
		A72A4CDE20995D72004E6AEB /* Controller */ = {
			isa = PBXGroup;
			children = (
				A7C39CC2209034A800E54531 /* WarehouseItemViewController.swift */,
				A7C39CC0209034A800E54531 /* AppDelegate.swift */,
			);
			path = Controller;
			sourceTree = "<group>";
		};
		A72A4CE12099659F004E6AEB /* Supporting Files */ = {
			isa = PBXGroup;
			children = (
				A7C39CCF209034A900E54531 /* Info.plist */,
				A7C39CCA209034A900E54531 /* Assets.xcassets */,
			);
			path = "Supporting Files";
			sourceTree = "<group>";
		};
		A7C39CB4209034A800E54531 = {
			isa = PBXGroup;
			children = (
				A72A4CE2209968EA004E6AEB /* Default-568h@2x.png */,
				A7C39CBF209034A800E54531 /* WareHousing */,
				A7C39CBE209034A800E54531 /* Products */,
			);
			sourceTree = "<group>";
		};
		A7C39CBE209034A800E54531 /* Products */ = {
			isa = PBXGroup;
			children = (
				A7C39CBD209034A800E54531 /* WareHousing.app */,
			);
			name = Products;
			sourceTree = "<group>";
		};
		A7C39CBF209034A800E54531 /* WareHousing */ = {
			isa = PBXGroup;
			children = (
				A72A4CDE20995D72004E6AEB /* Controller */,
				A72A4CDD20995D69004E6AEB /* View */,
				A72A4CDC20995D42004E6AEB /* Model */,
				A72A4CE12099659F004E6AEB /* Supporting Files */,
			);
			path = WareHousing;
			sourceTree = "<group>";
		};
/* End PBXGroup section */

/* Begin PBXNativeTarget section */
		A7C39CBC209034A800E54531 /* WareHousing */ = {
			isa = PBXNativeTarget;
			buildConfigurationList = A7C39CD2209034A900E54531 /* Build configuration list for PBXNativeTarget "WareHousing" */;
			buildPhases = (
				A7C39CB9209034A800E54531 /* Sources */,
				A7C39CBA209034A800E54531 /* Frameworks */,
				A7C39CBB209034A800E54531 /* Resources */,
			);
			buildRules = (
			);
			dependencies = (
			);
			name = WareHousing;
			productName = WareHousing;
			productReference = A7C39CBD209034A800E54531 /* WareHousing.app */;
			productType = "com.apple.product-type.application";
		};
/* End PBXNativeTarget section */

/* Begin PBXProject section */
		A7C39CB5209034A800E54531 /* Project object */ = {
			isa = PBXProject;
			attributes = {
				LastSwiftUpdateCheck = 0930;
				LastUpgradeCheck = 0930;
				ORGANIZATIONNAME = "Clive Hsieh";
				TargetAttributes = {
					A7C39CBC209034A800E54531 = {
						CreatedOnToolsVersion = 9.3;
					};
				};
			};
			buildConfigurationList = A7C39CB8209034A800E54531 /* Build configuration list for PBXProject "WareHousing" */;
			compatibilityVersion = "Xcode 9.3";
			developmentRegion = en;
			hasScannedForEncodings = 0;
			knownRegions = (
				en,
				Base,
			);
			mainGroup = A7C39CB4209034A800E54531;
			productRefGroup = A7C39CBE209034A800E54531 /* Products */;
			projectDirPath = "";
			projectRoot = "";
			targets = (
				A7C39CBC209034A800E54531 /* WareHousing */,
			);
		};
/* End PBXProject section */

/* Begin PBXResourcesBuildPhase section */
		A7C39CBB209034A800E54531 /* Resources */ = {
			isa = PBXResourcesBuildPhase;
			buildActionMask = 2147483647;
			files = (
				A7C39CCE209034A900E54531 /* LaunchScreen.storyboard in Resources */,
				A72A4CE3209968EA004E6AEB /* Default-568h@2x.png in Resources */,
				A7C39CCB209034A900E54531 /* Assets.xcassets in Resources */,
				A7C39CC6209034A800E54531 /* Main.storyboard in Resources */,
			);
			runOnlyForDeploymentPostprocessing = 0;
		};
/* End PBXResourcesBuildPhase section */

/* Begin PBXSourcesBuildPhase section */
		A7C39CB9209034A800E54531 /* Sources */ = {
			isa = PBXSourcesBuildPhase;
			buildActionMask = 2147483647;
			files = (
				A7C39CC3209034A800E54531 /* WarehouseItemViewController.swift in Sources */,
				A72BB66C2099768900694C18 /* DataModel.xcdatamodeld in Sources */,
				A7C39CC1209034A800E54531 /* AppDelegate.swift in Sources */,
			);
			runOnlyForDeploymentPostprocessing = 0;
		};
/* End PBXSourcesBuildPhase section */

/* Begin PBXVariantGroup section */
		A7C39CC4209034A800E54531 /* Main.storyboard */ = {
			isa = PBXVariantGroup;
			children = (
				A7C39CC5209034A800E54531 /* Base */,
			);
			name = Main.storyboard;
			sourceTree = "<group>";
		};
		A7C39CCC209034A900E54531 /* LaunchScreen.storyboard */ = {
			isa = PBXVariantGroup;
			children = (
				A7C39CCD209034A900E54531 /* Base */,
			);
			name = LaunchScreen.storyboard;
			sourceTree = "<group>";
		};
/* End PBXVariantGroup section */

/* Begin XCBuildConfiguration section */
		A7C39CD0209034A900E54531 /* Debug */ = {
			isa = XCBuildConfiguration;
			buildSettings = {
				ALWAYS_SEARCH_USER_PATHS = NO;
				CLANG_ANALYZER_NONNULL = YES;
				CLANG_ANALYZER_NUMBER_OBJECT_CONVERSION = YES_AGGRESSIVE;
				CLANG_CXX_LANGUAGE_STANDARD = "gnu++14";
				CLANG_CXX_LIBRARY = "libc++";
				CLANG_ENABLE_MODULES = YES;
				CLANG_ENABLE_OBJC_ARC = YES;
				CLANG_ENABLE_OBJC_WEAK = YES;
				CLANG_WARN_BLOCK_CAPTURE_AUTORELEASING = YES;
				CLANG_WARN_BOOL_CONVERSION = YES;
				CLANG_WARN_COMMA = YES;
				CLANG_WARN_CONSTANT_CONVERSION = YES;
				CLANG_WARN_DEPRECATED_OBJC_IMPLEMENTATIONS = YES;
				CLANG_WARN_DIRECT_OBJC_ISA_USAGE = YES_ERROR;
				CLANG_WARN_DOCUMENTATION_COMMENTS = YES;
				CLANG_WARN_EMPTY_BODY = YES;
				CLANG_WARN_ENUM_CONVERSION = YES;
				CLANG_WARN_INFINITE_RECURSION = YES;
				CLANG_WARN_INT_CONVERSION = YES;
				CLANG_WARN_NON_LITERAL_NULL_CONVERSION = YES;
				CLANG_WARN_OBJC_IMPLICIT_RETAIN_SELF = YES;
				CLANG_WARN_OBJC_LITERAL_CONVERSION = YES;
				CLANG_WARN_OBJC_ROOT_CLASS = YES_ERROR;
				CLANG_WARN_RANGE_LOOP_ANALYSIS = YES;
				CLANG_WARN_STRICT_PROTOTYPES = YES;
				CLANG_WARN_SUSPICIOUS_MOVE = YES;
				CLANG_WARN_UNGUARDED_AVAILABILITY = YES_AGGRESSIVE;
				CLANG_WARN_UNREACHABLE_CODE = YES;
				CLANG_WARN__DUPLICATE_METHOD_MATCH = YES;
				CODE_SIGN_IDENTITY = "iPhone Developer";
				COPY_PHASE_STRIP = NO;
				DEBUG_INFORMATION_FORMAT = dwarf;
				ENABLE_STRICT_OBJC_MSGSEND = YES;
				ENABLE_TESTABILITY = YES;
				GCC_C_LANGUAGE_STANDARD = gnu11;
				GCC_DYNAMIC_NO_PIC = NO;
				GCC_NO_COMMON_BLOCKS = YES;
				GCC_OPTIMIZATION_LEVEL = 0;
				GCC_PREPROCESSOR_DEFINITIONS = (
					"DEBUG=1",
					"$(inherited)",
				);
				GCC_WARN_64_TO_32_BIT_CONVERSION = YES;
				GCC_WARN_ABOUT_RETURN_TYPE = YES_ERROR;
				GCC_WARN_UNDECLARED_SELECTOR = YES;
				GCC_WARN_UNINITIALIZED_AUTOS = YES_AGGRESSIVE;
				GCC_WARN_UNUSED_FUNCTION = YES;
				GCC_WARN_UNUSED_VARIABLE = YES;
				IPHONEOS_DEPLOYMENT_TARGET = 11.3;
				MTL_ENABLE_DEBUG_INFO = YES;
				ONLY_ACTIVE_ARCH = YES;
				SDKROOT = iphoneos;
				SWIFT_ACTIVE_COMPILATION_CONDITIONS = DEBUG;
				SWIFT_OPTIMIZATION_LEVEL = "-Onone";
			};
			name = Debug;
		};
		A7C39CD1209034A900E54531 /* Release */ = {
			isa = XCBuildConfiguration;
			buildSettings = {
				ALWAYS_SEARCH_USER_PATHS = NO;
				CLANG_ANALYZER_NONNULL = YES;
				CLANG_ANALYZER_NUMBER_OBJECT_CONVERSION = YES_AGGRESSIVE;
				CLANG_CXX_LANGUAGE_STANDARD = "gnu++14";
				CLANG_CXX_LIBRARY = "libc++";
				CLANG_ENABLE_MODULES = YES;
				CLANG_ENABLE_OBJC_ARC = YES;
				CLANG_ENABLE_OBJC_WEAK = YES;
				CLANG_WARN_BLOCK_CAPTURE_AUTORELEASING = YES;
				CLANG_WARN_BOOL_CONVERSION = YES;
				CLANG_WARN_COMMA = YES;
				CLANG_WARN_CONSTANT_CONVERSION = YES;
				CLANG_WARN_DEPRECATED_OBJC_IMPLEMENTATIONS = YES;
				CLANG_WARN_DIRECT_OBJC_ISA_USAGE = YES_ERROR;
				CLANG_WARN_DOCUMENTATION_COMMENTS = YES;
				CLANG_WARN_EMPTY_BODY = YES;
				CLANG_WARN_ENUM_CONVERSION = YES;
				CLANG_WARN_INFINITE_RECURSION = YES;
				CLANG_WARN_INT_CONVERSION = YES;
				CLANG_WARN_NON_LITERAL_NULL_CONVERSION = YES;
				CLANG_WARN_OBJC_IMPLICIT_RETAIN_SELF = YES;
				CLANG_WARN_OBJC_LITERAL_CONVERSION = YES;
				CLANG_WARN_OBJC_ROOT_CLASS = YES_ERROR;
				CLANG_WARN_RANGE_LOOP_ANALYSIS = YES;
				CLANG_WARN_STRICT_PROTOTYPES = YES;
				CLANG_WARN_SUSPICIOUS_MOVE = YES;
				CLANG_WARN_UNGUARDED_AVAILABILITY = YES_AGGRESSIVE;
				CLANG_WARN_UNREACHABLE_CODE = YES;
				CLANG_WARN__DUPLICATE_METHOD_MATCH = YES;
				CODE_SIGN_IDENTITY = "iPhone Developer";
				COPY_PHASE_STRIP = NO;
				DEBUG_INFORMATION_FORMAT = "dwarf-with-dsym";
				ENABLE_NS_ASSERTIONS = NO;
				ENABLE_STRICT_OBJC_MSGSEND = YES;
				GCC_C_LANGUAGE_STANDARD = gnu11;
				GCC_NO_COMMON_BLOCKS = YES;
				GCC_WARN_64_TO_32_BIT_CONVERSION = YES;
				GCC_WARN_ABOUT_RETURN_TYPE = YES_ERROR;
				GCC_WARN_UNDECLARED_SELECTOR = YES;
				GCC_WARN_UNINITIALIZED_AUTOS = YES_AGGRESSIVE;
				GCC_WARN_UNUSED_FUNCTION = YES;
				GCC_WARN_UNUSED_VARIABLE = YES;
				IPHONEOS_DEPLOYMENT_TARGET = 11.3;
				MTL_ENABLE_DEBUG_INFO = NO;
				SDKROOT = iphoneos;
				SWIFT_COMPILATION_MODE = wholemodule;
				SWIFT_OPTIMIZATION_LEVEL = "-O";
				VALIDATE_PRODUCT = YES;
			};
			name = Release;
		};
		A7C39CD3209034A900E54531 /* Debug */ = {
			isa = XCBuildConfiguration;
			buildSettings = {
				ASSETCATALOG_COMPILER_APPICON_NAME = AppIcon;
				CODE_SIGN_STYLE = Automatic;
				DEVELOPMENT_TEAM = Q4VM62W4KJ;
				INFOPLIST_FILE = "$(SRCROOT)/WareHousing/Supporting Files/Info.plist";
				LD_RUNPATH_SEARCH_PATHS = (
					"$(inherited)",
					"@executable_path/Frameworks",
				);
				PRODUCT_BUNDLE_IDENTIFIER = com.eliteconsulting.WareHousing;
				PRODUCT_NAME = "$(TARGET_NAME)";
				SWIFT_VERSION = 4.0;
				TARGETED_DEVICE_FAMILY = "1,2";
			};
			name = Debug;
		};
		A7C39CD4209034A900E54531 /* Release */ = {
			isa = XCBuildConfiguration;
			buildSettings = {
				ASSETCATALOG_COMPILER_APPICON_NAME = AppIcon;
				CODE_SIGN_STYLE = Automatic;
				DEVELOPMENT_TEAM = Q4VM62W4KJ;
				INFOPLIST_FILE = "$(SRCROOT)/WareHousing/Supporting Files/Info.plist";
				LD_RUNPATH_SEARCH_PATHS = (
					"$(inherited)",
					"@executable_path/Frameworks",
				);
				PRODUCT_BUNDLE_IDENTIFIER = com.eliteconsulting.WareHousing;
				PRODUCT_NAME = "$(TARGET_NAME)";
				SWIFT_VERSION = 4.0;
				TARGETED_DEVICE_FAMILY = "1,2";
			};
			name = Release;
		};
/* End XCBuildConfiguration section */

/* Begin XCConfigurationList section */
		A7C39CB8209034A800E54531 /* Build configuration list for PBXProject "WareHousing" */ = {
			isa = XCConfigurationList;
			buildConfigurations = (
				A7C39CD0209034A900E54531 /* Debug */,
				A7C39CD1209034A900E54531 /* Release */,
			);
			defaultConfigurationIsVisible = 0;
			defaultConfigurationName = Release;
		};
		A7C39CD2209034A900E54531 /* Build configuration list for PBXNativeTarget "WareHousing" */ = {
			isa = XCConfigurationList;
			buildConfigurations = (
				A7C39CD3209034A900E54531 /* Debug */,
				A7C39CD4209034A900E54531 /* Release */,
			);
			defaultConfigurationIsVisible = 0;
			defaultConfigurationName = Release;
		};
/* End XCConfigurationList section */

/* Begin XCVersionGroup section */
		A72BB66A2099768900694C18 /* DataModel.xcdatamodeld */ = {
			isa = XCVersionGroup;
			children = (
				A72BB66B2099768900694C18 /* Item.xcdatamodel */,
			);
			currentVersion = A72BB66B2099768900694C18 /* Item.xcdatamodel */;
			path = DataModel.xcdatamodeld;
			sourceTree = "<group>";
			versionGroupType = wrapper.xcdatamodel;
		};
/* End XCVersionGroup section */
	};
	rootObject = A7C39CB5209034A800E54531 /* Project object */;
}
